
Microsoft Visual Studio Solution File, Format Version 12.00
# Visual Studio Version 16
VisualStudioVersion = 16.0.30114.105
MinimumVisualStudioVersion = 10.0.40219.1
Project("{FAE04EC0-301F-11D3-BF4B-00C04F79EFBC}") = "GitFlowExperiment", "GitFlowExperiment\GitFlowExperiment.csproj", "{326C312F-7985-4664-820E-BD7AB7BF0428}"
EndProject
Global
	GlobalSection(SolutionConfigurationPlatforms) = preSolution
		Debug|Any CPU = Debug|Any CPU
		Release|Any CPU = Release|Any CPU
	EndGlobalSection
	GlobalSection(ProjectConfigurationPlatforms) = postSolution
		{326C312F-7985-4664-820E-BD7AB7BF0428}.Debug|Any CPU.ActiveCfg = Debug|Any CPU
		{326C312F-7985-4664-820E-BD7AB7BF0428}.Debug|Any CPU.Build.0 = Debug|Any CPU
		{326C312F-7985-4664-820E-BD7AB7BF0428}.Release|Any CPU.ActiveCfg = Release|Any CPU
		{326C312F-7985-4664-820E-BD7AB7BF0428}.Release|Any CPU.Build.0 = Release|Any CPU
	EndGlobalSection
	GlobalSection(SolutionProperties) = preSolution
		HideSolutionNode = FALSE
	EndGlobalSection
	GlobalSection(ExtensibilityGlobals) = postSolution
		SolutionGuid = {AEF39482-C7EF-4AB5-9CB6-07F46DE53529}
	EndGlobalSection
EndGlobal
